// !$*UTF8*$!
{
	archiveVersion = 1;
	classes = {
	};
	objectVersion = 56;
	objects = {

/* Begin PBXBuildFile section */
		F803AD0A2A3764A100C79D32 /* RiveRuntime in Frameworks */ = {isa = PBXBuildFile; productRef = F803AD092A3764A100C79D32 /* RiveRuntime */; };
		F8908D9B2A1B7D2C0014FF10 /* Rive_Pull_to_RefreshApp.swift in Sources */ = {isa = PBXBuildFile; fileRef = F8908D9A2A1B7D2C0014FF10 /* Rive_Pull_to_RefreshApp.swift */; };
		F8908D9D2A1B7D2C0014FF10 /* ContentView.swift in Sources */ = {isa = PBXBuildFile; fileRef = F8908D9C2A1B7D2C0014FF10 /* ContentView.swift */; };
		F8908D9F2A1B7D2D0014FF10 /* Assets.xcassets in Resources */ = {isa = PBXBuildFile; fileRef = F8908D9E2A1B7D2D0014FF10 /* Assets.xcassets */; };
		F8908DA22A1B7D2D0014FF10 /* Preview Assets.xcassets in Resources */ = {isa = PBXBuildFile; fileRef = F8908DA12A1B7D2D0014FF10 /* Preview Assets.xcassets */; };
		F8908DA92A1B7D6B0014FF10 /* RivePullToRefreshView.swift in Sources */ = {isa = PBXBuildFile; fileRef = F8908DA82A1B7D6B0014FF10 /* RivePullToRefreshView.swift */; };
		F8908DE72A1C9E330014FF10 /* pull_to_refresh_use_case.riv in Resources */ = {isa = PBXBuildFile; fileRef = F8908DE62A1C9E330014FF10 /* pull_to_refresh_use_case.riv */; };
		F8908DE92A1CCF450014FF10 /* MockListTile.swift in Sources */ = {isa = PBXBuildFile; fileRef = F8908DE82A1CCF450014FF10 /* MockListTile.swift */; };
/* End PBXBuildFile section */

/* Begin PBXFileReference section */
		F8908D972A1B7D2C0014FF10 /* Rive Pull to Refresh.app */ = {isa = PBXFileReference; explicitFileType = wrapper.application; includeInIndex = 0; path = "Rive Pull to Refresh.app"; sourceTree = BUILT_PRODUCTS_DIR; };
		F8908D9A2A1B7D2C0014FF10 /* Rive_Pull_to_RefreshApp.swift */ = {isa = PBXFileReference; lastKnownFileType = sourcecode.swift; path = Rive_Pull_to_RefreshApp.swift; sourceTree = "<group>"; };
		F8908D9C2A1B7D2C0014FF10 /* ContentView.swift */ = {isa = PBXFileReference; lastKnownFileType = sourcecode.swift; path = ContentView.swift; sourceTree = "<group>"; };
		F8908D9E2A1B7D2D0014FF10 /* Assets.xcassets */ = {isa = PBXFileReference; lastKnownFileType = folder.assetcatalog; path = Assets.xcassets; sourceTree = "<group>"; };
		F8908DA12A1B7D2D0014FF10 /* Preview Assets.xcassets */ = {isa = PBXFileReference; lastKnownFileType = folder.assetcatalog; path = "Preview Assets.xcassets"; sourceTree = "<group>"; };
		F8908DA82A1B7D6B0014FF10 /* RivePullToRefreshView.swift */ = {isa = PBXFileReference; lastKnownFileType = sourcecode.swift; path = RivePullToRefreshView.swift; sourceTree = "<group>"; };
		F8908DE62A1C9E330014FF10 /* pull_to_refresh_use_case.riv */ = {isa = PBXFileReference; lastKnownFileType = file; path = pull_to_refresh_use_case.riv; sourceTree = "<group>"; };
		F8908DE82A1CCF450014FF10 /* MockListTile.swift */ = {isa = PBXFileReference; lastKnownFileType = sourcecode.swift; path = MockListTile.swift; sourceTree = "<group>"; };
/* End PBXFileReference section */

/* Begin PBXFrameworksBuildPhase section */
		F8908D942A1B7D2C0014FF10 /* Frameworks */ = {
			isa = PBXFrameworksBuildPhase;
			buildActionMask = 2147483647;
			files = (
				F803AD0A2A3764A100C79D32 /* RiveRuntime in Frameworks */,
			);
			runOnlyForDeploymentPostprocessing = 0;
		};
/* End PBXFrameworksBuildPhase section */

/* Begin PBXGroup section */
		F8908D8E2A1B7D2C0014FF10 = {
			isa = PBXGroup;
			children = (
				F8908D992A1B7D2C0014FF10 /* Rive Pull to Refresh */,
				F8908D982A1B7D2C0014FF10 /* Products */,
			);
			sourceTree = "<group>";
		};
		F8908D982A1B7D2C0014FF10 /* Products */ = {
			isa = PBXGroup;
			children = (
				F8908D972A1B7D2C0014FF10 /* Rive Pull to Refresh.app */,
			);
			name = Products;
			sourceTree = "<group>";
		};
		F8908D992A1B7D2C0014FF10 /* Rive Pull to Refresh */ = {
			isa = PBXGroup;
			children = (
				F8908DE52A1C9E190014FF10 /* animations */,
				F8908D9A2A1B7D2C0014FF10 /* Rive_Pull_to_RefreshApp.swift */,
				F8908DA82A1B7D6B0014FF10 /* RivePullToRefreshView.swift */,
				F8908D9C2A1B7D2C0014FF10 /* ContentView.swift */,
				F8908D9E2A1B7D2D0014FF10 /* Assets.xcassets */,
				F8908DA02A1B7D2D0014FF10 /* Preview Content */,
				F8908DE82A1CCF450014FF10 /* MockListTile.swift */,
			);
			path = "Rive Pull to Refresh";
			sourceTree = "<group>";
		};
		F8908DA02A1B7D2D0014FF10 /* Preview Content */ = {
			isa = PBXGroup;
			children = (
				F8908DA12A1B7D2D0014FF10 /* Preview Assets.xcassets */,
			);
			path = "Preview Content";
			sourceTree = "<group>";
		};
		F8908DE52A1C9E190014FF10 /* animations */ = {
			isa = PBXGroup;
			children = (
				F8908DE62A1C9E330014FF10 /* pull_to_refresh_use_case.riv */,
			);
			path = animations;
			sourceTree = "<group>";
		};
/* End PBXGroup section */

/* Begin PBXNativeTarget section */
		F8908D962A1B7D2C0014FF10 /* Rive Pull to Refresh */ = {
			isa = PBXNativeTarget;
			buildConfigurationList = F8908DA52A1B7D2D0014FF10 /* Build configuration list for PBXNativeTarget "Rive Pull to Refresh" */;
			buildPhases = (
				F8908D932A1B7D2C0014FF10 /* Sources */,
				F8908D942A1B7D2C0014FF10 /* Frameworks */,
				F8908D952A1B7D2C0014FF10 /* Resources */,
			);
			buildRules = (
			);
			dependencies = (
			);
			name = "Rive Pull to Refresh";
			packageProductDependencies = (
				F803AD092A3764A100C79D32 /* RiveRuntime */,
			);
			productName = "Rive Pull to Refresh";
			productReference = F8908D972A1B7D2C0014FF10 /* Rive Pull to Refresh.app */;
			productType = "com.apple.product-type.application";
		};
/* End PBXNativeTarget section */

/* Begin PBXProject section */
		F8908D8F2A1B7D2C0014FF10 /* Project object */ = {
			isa = PBXProject;
			attributes = {
				BuildIndependentTargetsInParallel = 1;
				LastSwiftUpdateCheck = 1430;
				LastUpgradeCheck = 1430;
				TargetAttributes = {
					F8908D962A1B7D2C0014FF10 = {
						CreatedOnToolsVersion = 14.3;
					};
				};
			};
			buildConfigurationList = F8908D922A1B7D2C0014FF10 /* Build configuration list for PBXProject "Rive Pull to Refresh" */;
			compatibilityVersion = "Xcode 14.0";
			developmentRegion = en;
			hasScannedForEncodings = 0;
			knownRegions = (
				en,
				Base,
			);
			mainGroup = F8908D8E2A1B7D2C0014FF10;
			packageReferences = (
				F803AD082A3764A100C79D32 /* XCRemoteSwiftPackageReference "rive-ios" */,
			);
			productRefGroup = F8908D982A1B7D2C0014FF10 /* Products */;
			projectDirPath = "";
			projectRoot = "";
			targets = (
				F8908D962A1B7D2C0014FF10 /* Rive Pull to Refresh */,
			);
		};
/* End PBXProject section */

/* Begin PBXResourcesBuildPhase section */
		F8908D952A1B7D2C0014FF10 /* Resources */ = {
			isa = PBXResourcesBuildPhase;
			buildActionMask = 2147483647;
			files = (
				F8908DA22A1B7D2D0014FF10 /* Preview Assets.xcassets in Resources */,
				F8908D9F2A1B7D2D0014FF10 /* Assets.xcassets in Resources */,
				F8908DE72A1C9E330014FF10 /* pull_to_refresh_use_case.riv in Resources */,
			);
			runOnlyForDeploymentPostprocessing = 0;
		};
/* End PBXResourcesBuildPhase section */

/* Begin PBXSourcesBuildPhase section */
		F8908D932A1B7D2C0014FF10 /* Sources */ = {
			isa = PBXSourcesBuildPhase;
			buildActionMask = 2147483647;
			files = (
				F8908D9D2A1B7D2C0014FF10 /* ContentView.swift in Sources */,
				F8908DE92A1CCF450014FF10 /* MockListTile.swift in Sources */,
				F8908D9B2A1B7D2C0014FF10 /* Rive_Pull_to_RefreshApp.swift in Sources */,
				F8908DA92A1B7D6B0014FF10 /* RivePullToRefreshView.swift in Sources */,
			);
			runOnlyForDeploymentPostprocessing = 0;
		};
/* End PBXSourcesBuildPhase section */

/* Begin XCBuildConfiguration section */
		F8908DA32A1B7D2D0014FF10 /* Debug */ = {
			isa = XCBuildConfiguration;
			buildSettings = {
				ALWAYS_SEARCH_USER_PATHS = NO;
				CLANG_ANALYZER_NONNULL = YES;
				CLANG_ANALYZER_NUMBER_OBJECT_CONVERSION = YES_AGGRESSIVE;
				CLANG_CXX_LANGUAGE_STANDARD = "gnu++20";
				CLANG_ENABLE_MODULES = YES;
				CLANG_ENABLE_OBJC_ARC = YES;
				CLANG_ENABLE_OBJC_WEAK = YES;
				CLANG_WARN_BLOCK_CAPTURE_AUTORELEASING = YES;
				CLANG_WARN_BOOL_CONVERSION = YES;
				CLANG_WARN_COMMA = YES;
				CLANG_WARN_CONSTANT_CONVERSION = YES;
				CLANG_WARN_DEPRECATED_OBJC_IMPLEMENTATIONS = YES;
				CLANG_WARN_DIRECT_OBJC_ISA_USAGE = YES_ERROR;
				CLANG_WARN_DOCUMENTATION_COMMENTS = YES;
				CLANG_WARN_EMPTY_BODY = YES;
				CLANG_WARN_ENUM_CONVERSION = YES;
				CLANG_WARN_INFINITE_RECURSION = YES;
				CLANG_WARN_INT_CONVERSION = YES;
				CLANG_WARN_NON_LITERAL_NULL_CONVERSION = YES;
				CLANG_WARN_OBJC_IMPLICIT_RETAIN_SELF = YES;
				CLANG_WARN_OBJC_LITERAL_CONVERSION = YES;
				CLANG_WARN_OBJC_ROOT_CLASS = YES_ERROR;
				CLANG_WARN_QUOTED_INCLUDE_IN_FRAMEWORK_HEADER = YES;
				CLANG_WARN_RANGE_LOOP_ANALYSIS = YES;
				CLANG_WARN_STRICT_PROTOTYPES = YES;
				CLANG_WARN_SUSPICIOUS_MOVE = YES;
				CLANG_WARN_UNGUARDED_AVAILABILITY = YES_AGGRESSIVE;
				CLANG_WARN_UNREACHABLE_CODE = YES;
				CLANG_WARN__DUPLICATE_METHOD_MATCH = YES;
				COPY_PHASE_STRIP = NO;
				DEBUG_INFORMATION_FORMAT = dwarf;
				ENABLE_STRICT_OBJC_MSGSEND = YES;
				ENABLE_TESTABILITY = YES;
				GCC_C_LANGUAGE_STANDARD = gnu11;
				GCC_DYNAMIC_NO_PIC = NO;
				GCC_NO_COMMON_BLOCKS = YES;
				GCC_OPTIMIZATION_LEVEL = 0;
				GCC_PREPROCESSOR_DEFINITIONS = (
					"DEBUG=1",
					"$(inherited)",
				);
				GCC_WARN_64_TO_32_BIT_CONVERSION = YES;
				GCC_WARN_ABOUT_RETURN_TYPE = YES_ERROR;
				GCC_WARN_UNDECLARED_SELECTOR = YES;
				GCC_WARN_UNINITIALIZED_AUTOS = YES_AGGRESSIVE;
				GCC_WARN_UNUSED_FUNCTION = YES;
				GCC_WARN_UNUSED_VARIABLE = YES;
				IPHONEOS_DEPLOYMENT_TARGET = 16.4;
				MTL_ENABLE_DEBUG_INFO = INCLUDE_SOURCE;
				MTL_FAST_MATH = YES;
				ONLY_ACTIVE_ARCH = YES;
				SDKROOT = iphoneos;
				SWIFT_ACTIVE_COMPILATION_CONDITIONS = DEBUG;
				SWIFT_OPTIMIZATION_LEVEL = "-Onone";
			};
			name = Debug;
		};
		F8908DA42A1B7D2D0014FF10 /* Release */ = {
			isa = XCBuildConfiguration;
			buildSettings = {
				ALWAYS_SEARCH_USER_PATHS = NO;
				CLANG_ANALYZER_NONNULL = YES;
				CLANG_ANALYZER_NUMBER_OBJECT_CONVERSION = YES_AGGRESSIVE;
				CLANG_CXX_LANGUAGE_STANDARD = "gnu++20";
				CLANG_ENABLE_MODULES = YES;
				CLANG_ENABLE_OBJC_ARC = YES;
				CLANG_ENABLE_OBJC_WEAK = YES;
				CLANG_WARN_BLOCK_CAPTURE_AUTORELEASING = YES;
				CLANG_WARN_BOOL_CONVERSION = YES;
				CLANG_WARN_COMMA = YES;
				CLANG_WARN_CONSTANT_CONVERSION = YES;
				CLANG_WARN_DEPRECATED_OBJC_IMPLEMENTATIONS = YES;
				CLANG_WARN_DIRECT_OBJC_ISA_USAGE = YES_ERROR;
				CLANG_WARN_DOCUMENTATION_COMMENTS = YES;
				CLANG_WARN_EMPTY_BODY = YES;
				CLANG_WARN_ENUM_CONVERSION = YES;
				CLANG_WARN_INFINITE_RECURSION = YES;
				CLANG_WARN_INT_CONVERSION = YES;
				CLANG_WARN_NON_LITERAL_NULL_CONVERSION = YES;
				CLANG_WARN_OBJC_IMPLICIT_RETAIN_SELF = YES;
				CLANG_WARN_OBJC_LITERAL_CONVERSION = YES;
				CLANG_WARN_OBJC_ROOT_CLASS = YES_ERROR;
				CLANG_WARN_QUOTED_INCLUDE_IN_FRAMEWORK_HEADER = YES;
				CLANG_WARN_RANGE_LOOP_ANALYSIS = YES;
				CLANG_WARN_STRICT_PROTOTYPES = YES;
				CLANG_WARN_SUSPICIOUS_MOVE = YES;
				CLANG_WARN_UNGUARDED_AVAILABILITY = YES_AGGRESSIVE;
				CLANG_WARN_UNREACHABLE_CODE = YES;
				CLANG_WARN__DUPLICATE_METHOD_MATCH = YES;
				COPY_PHASE_STRIP = NO;
				DEBUG_INFORMATION_FORMAT = "dwarf-with-dsym";
				ENABLE_NS_ASSERTIONS = NO;
				ENABLE_STRICT_OBJC_MSGSEND = YES;
				GCC_C_LANGUAGE_STANDARD = gnu11;
				GCC_NO_COMMON_BLOCKS = YES;
				GCC_WARN_64_TO_32_BIT_CONVERSION = YES;
				GCC_WARN_ABOUT_RETURN_TYPE = YES_ERROR;
				GCC_WARN_UNDECLARED_SELECTOR = YES;
				GCC_WARN_UNINITIALIZED_AUTOS = YES_AGGRESSIVE;
				GCC_WARN_UNUSED_FUNCTION = YES;
				GCC_WARN_UNUSED_VARIABLE = YES;
				IPHONEOS_DEPLOYMENT_TARGET = 16.4;
				MTL_ENABLE_DEBUG_INFO = NO;
				MTL_FAST_MATH = YES;
				SDKROOT = iphoneos;
				SWIFT_COMPILATION_MODE = wholemodule;
				SWIFT_OPTIMIZATION_LEVEL = "-O";
				VALIDATE_PRODUCT = YES;
			};
			name = Release;
		};
		F8908DA62A1B7D2D0014FF10 /* Debug */ = {
			isa = XCBuildConfiguration;
			buildSettings = {
				ASSETCATALOG_COMPILER_APPICON_NAME = AppIcon;
				ASSETCATALOG_COMPILER_GLOBAL_ACCENT_COLOR_NAME = AccentColor;
				CODE_SIGN_STYLE = Automatic;
				CURRENT_PROJECT_VERSION = 1;
				DEVELOPMENT_ASSET_PATHS = "\"Rive Pull to Refresh/Preview Content\"";
				DEVELOPMENT_TEAM = V7DMK4826J;
				ENABLE_PREVIEWS = YES;
				GENERATE_INFOPLIST_FILE = YES;
				INFOPLIST_KEY_UIApplicationSceneManifest_Generation = YES;
				INFOPLIST_KEY_UIApplicationSupportsIndirectInputEvents = YES;
				INFOPLIST_KEY_UILaunchScreen_Generation = YES;
				INFOPLIST_KEY_UISupportedInterfaceOrientations_iPad = "UIInterfaceOrientationPortrait UIInterfaceOrientationPortraitUpsideDown UIInterfaceOrientationLandscapeLeft UIInterfaceOrientationLandscapeRight";
				INFOPLIST_KEY_UISupportedInterfaceOrientations_iPhone = "UIInterfaceOrientationPortrait UIInterfaceOrientationLandscapeLeft UIInterfaceOrientationLandscapeRight";
				LD_RUNPATH_SEARCH_PATHS = (
					"$(inherited)",
					"@executable_path/Frameworks",
				);
				MARKETING_VERSION = 1.0;
				PRODUCT_BUNDLE_IDENTIFIER = "dev.gordon.Rive-Pull-to-Refresh";
				PRODUCT_NAME = "$(TARGET_NAME)";
				SWIFT_EMIT_LOC_STRINGS = YES;
				SWIFT_VERSION = 5.0;
				TARGETED_DEVICE_FAMILY = "1,2";
			};
			name = Debug;
		};
		F8908DA72A1B7D2D0014FF10 /* Release */ = {
			isa = XCBuildConfiguration;
			buildSettings = {
				ASSETCATALOG_COMPILER_APPICON_NAME = AppIcon;
				ASSETCATALOG_COMPILER_GLOBAL_ACCENT_COLOR_NAME = AccentColor;
				CODE_SIGN_STYLE = Automatic;
				CURRENT_PROJECT_VERSION = 1;
				DEVELOPMENT_ASSET_PATHS = "\"Rive Pull to Refresh/Preview Content\"";
				DEVELOPMENT_TEAM = V7DMK4826J;
				ENABLE_PREVIEWS = YES;
				GENERATE_INFOPLIST_FILE = YES;
				INFOPLIST_KEY_UIApplicationSceneManifest_Generation = YES;
				INFOPLIST_KEY_UIApplicationSupportsIndirectInputEvents = YES;
				INFOPLIST_KEY_UILaunchScreen_Generation = YES;
				INFOPLIST_KEY_UISupportedInterfaceOrientations_iPad = "UIInterfaceOrientationPortrait UIInterfaceOrientationPortraitUpsideDown UIInterfaceOrientationLandscapeLeft UIInterfaceOrientationLandscapeRight";
				INFOPLIST_KEY_UISupportedInterfaceOrientations_iPhone = "UIInterfaceOrientationPortrait UIInterfaceOrientationLandscapeLeft UIInterfaceOrientationLandscapeRight";
				LD_RUNPATH_SEARCH_PATHS = (
					"$(inherited)",
					"@executable_path/Frameworks",
				);
				MARKETING_VERSION = 1.0;
				PRODUCT_BUNDLE_IDENTIFIER = "dev.gordon.Rive-Pull-to-Refresh";
				PRODUCT_NAME = "$(TARGET_NAME)";
				SWIFT_EMIT_LOC_STRINGS = YES;
				SWIFT_VERSION = 5.0;
				TARGETED_DEVICE_FAMILY = "1,2";
			};
			name = Release;
		};
/* End XCBuildConfiguration section */

/* Begin XCConfigurationList section */
		F8908D922A1B7D2C0014FF10 /* Build configuration list for PBXProject "Rive Pull to Refresh" */ = {
			isa = XCConfigurationList;
			buildConfigurations = (
				F8908DA32A1B7D2D0014FF10 /* Debug */,
				F8908DA42A1B7D2D0014FF10 /* Release */,
			);
			defaultConfigurationIsVisible = 0;
			defaultConfigurationName = Release;
		};
		F8908DA52A1B7D2D0014FF10 /* Build configuration list for PBXNativeTarget "Rive Pull to Refresh" */ = {
			isa = XCConfigurationList;
			buildConfigurations = (
				F8908DA62A1B7D2D0014FF10 /* Debug */,
				F8908DA72A1B7D2D0014FF10 /* Release */,
			);
			defaultConfigurationIsVisible = 0;
			defaultConfigurationName = Release;
		};
/* End XCConfigurationList section */

/* Begin XCRemoteSwiftPackageReference section */
		F803AD082A3764A100C79D32 /* XCRemoteSwiftPackageReference "rive-ios" */ = {
			isa = XCRemoteSwiftPackageReference;
			repositoryURL = "https://github.com/rive-app/rive-ios";
			requirement = {
				kind = upToNextMajorVersion;
				minimumVersion = 4.0.0;
			};
		};
/* End XCRemoteSwiftPackageReference section */

/* Begin XCSwiftPackageProductDependency section */
		F803AD092A3764A100C79D32 /* RiveRuntime */ = {
			isa = XCSwiftPackageProductDependency;
			package = F803AD082A3764A100C79D32 /* XCRemoteSwiftPackageReference "rive-ios" */;
			productName = RiveRuntime;
		};
/* End XCSwiftPackageProductDependency section */
	};
	rootObject = F8908D8F2A1B7D2C0014FF10 /* Project object */;
}
